// !$*UTF8*$!
{
	archiveVersion = 1;
	classes = {
	};
	objectVersion = 46;
	objects = {

/* Begin PBXBuildFile section */
		571EE5121B5CD33800453E70 /* InterludeViewController.swift in Sources */ = {isa = PBXBuildFile; fileRef = 571EE50B1B5CD33800453E70 /* InterludeViewController.swift */; };
		571EE5131B5CD33800453E70 /* LoginViewController.swift in Sources */ = {isa = PBXBuildFile; fileRef = 571EE50C1B5CD33800453E70 /* LoginViewController.swift */; };
		571EE5141B5CD33800453E70 /* Order.storyboard in Resources */ = {isa = PBXBuildFile; fileRef = 571EE50D1B5CD33800453E70 /* Order.storyboard */; };
		571EE5151B5CD33800453E70 /* PerDetailsViewController.swift in Sources */ = {isa = PBXBuildFile; fileRef = 571EE50E1B5CD33800453E70 /* PerDetailsViewController.swift */; };
		571EE5161B5CD33800453E70 /* RightMenuTableViewController.swift in Sources */ = {isa = PBXBuildFile; fileRef = 571EE50F1B5CD33800453E70 /* RightMenuTableViewController.swift */; };
		571EE5171B5CD33800453E70 /* RootViewController.swift in Sources */ = {isa = PBXBuildFile; fileRef = 571EE5101B5CD33800453E70 /* RootViewController.swift */; };
		571EE5181B5CD33800453E70 /* Stars@2x.png in Resources */ = {isa = PBXBuildFile; fileRef = 571EE5111B5CD33800453E70 /* Stars@2x.png */; };
		5738070F1B5CCFBB00575577 /* AppDelegate.swift in Sources */ = {isa = PBXBuildFile; fileRef = 5738070E1B5CCFBB00575577 /* AppDelegate.swift */; };
		573807141B5CCFBB00575577 /* Main.storyboard in Resources */ = {isa = PBXBuildFile; fileRef = 573807121B5CCFBB00575577 /* Main.storyboard */; };
		573807171B5CCFBB00575577 /* ELSE.xcdatamodeld in Sources */ = {isa = PBXBuildFile; fileRef = 573807151B5CCFBB00575577 /* ELSE.xcdatamodeld */; };
		573807191B5CCFBB00575577 /* Assets.xcassets in Resources */ = {isa = PBXBuildFile; fileRef = 573807181B5CCFBB00575577 /* Assets.xcassets */; };
		5738071C1B5CCFBB00575577 /* LaunchScreen.storyboard in Resources */ = {isa = PBXBuildFile; fileRef = 5738071A1B5CCFBB00575577 /* LaunchScreen.storyboard */; };
		573807271B5CCFBB00575577 /* ELSETests.swift in Sources */ = {isa = PBXBuildFile; fileRef = 573807261B5CCFBB00575577 /* ELSETests.swift */; };
		573807321B5CCFBB00575577 /* ELSEUITests.swift in Sources */ = {isa = PBXBuildFile; fileRef = 573807311B5CCFBB00575577 /* ELSEUITests.swift */; };
		57ED4AAA1B5CD6A400B3303C /* ContentViewController.swift in Sources */ = {isa = PBXBuildFile; fileRef = 57ED4AA91B5CD6A400B3303C /* ContentViewController.swift */; };
		87810189D2DB00139A11003E /* libPods-ELSE.a in Frameworks */ = {isa = PBXBuildFile; fileRef = A7C9F25E522646D4A58F0487 /* libPods-ELSE.a */; };
/* End PBXBuildFile section */

/* Begin PBXContainerItemProxy section */
		573807231B5CCFBB00575577 /* PBXContainerItemProxy */ = {
			isa = PBXContainerItemProxy;
			containerPortal = 573807031B5CCFBB00575577 /* Project object */;
			proxyType = 1;
			remoteGlobalIDString = 5738070A1B5CCFBB00575577;
			remoteInfo = ELSE;
		};
		5738072E1B5CCFBB00575577 /* PBXContainerItemProxy */ = {
			isa = PBXContainerItemProxy;
			containerPortal = 573807031B5CCFBB00575577 /* Project object */;
			proxyType = 1;
			remoteGlobalIDString = 5738070A1B5CCFBB00575577;
			remoteInfo = ELSE;
		};
/* End PBXContainerItemProxy section */

/* Begin PBXFileReference section */
		571EE50B1B5CD33800453E70 /* InterludeViewController.swift */ = {isa = PBXFileReference; fileEncoding = 4; lastKnownFileType = sourcecode.swift; path = InterludeViewController.swift; sourceTree = "<group>"; };
		571EE50C1B5CD33800453E70 /* LoginViewController.swift */ = {isa = PBXFileReference; fileEncoding = 4; lastKnownFileType = sourcecode.swift; path = LoginViewController.swift; sourceTree = "<group>"; };
		571EE50D1B5CD33800453E70 /* Order.storyboard */ = {isa = PBXFileReference; fileEncoding = 4; lastKnownFileType = file.storyboard; path = Order.storyboard; sourceTree = "<group>"; };
		571EE50E1B5CD33800453E70 /* PerDetailsViewController.swift */ = {isa = PBXFileReference; fileEncoding = 4; lastKnownFileType = sourcecode.swift; path = PerDetailsViewController.swift; sourceTree = "<group>"; };
		571EE50F1B5CD33800453E70 /* RightMenuTableViewController.swift */ = {isa = PBXFileReference; fileEncoding = 4; lastKnownFileType = sourcecode.swift; path = RightMenuTableViewController.swift; sourceTree = "<group>"; };
		571EE5101B5CD33800453E70 /* RootViewController.swift */ = {isa = PBXFileReference; fileEncoding = 4; lastKnownFileType = sourcecode.swift; path = RootViewController.swift; sourceTree = "<group>"; };
		571EE5111B5CD33800453E70 /* Stars@2x.png */ = {isa = PBXFileReference; lastKnownFileType = image.png; path = "Stars@2x.png"; sourceTree = "<group>"; };
		5738070B1B5CCFBB00575577 /* ELSE.app */ = {isa = PBXFileReference; explicitFileType = wrapper.application; includeInIndex = 0; path = ELSE.app; sourceTree = BUILT_PRODUCTS_DIR; };
		5738070E1B5CCFBB00575577 /* AppDelegate.swift */ = {isa = PBXFileReference; lastKnownFileType = sourcecode.swift; path = AppDelegate.swift; sourceTree = "<group>"; };
		573807131B5CCFBB00575577 /* Base */ = {isa = PBXFileReference; lastKnownFileType = file.storyboard; name = Base; path = Base.lproj/Main.storyboard; sourceTree = "<group>"; };
		573807161B5CCFBB00575577 /* ELSE.xcdatamodel */ = {isa = PBXFileReference; lastKnownFileType = wrapper.xcdatamodel; path = ELSE.xcdatamodel; sourceTree = "<group>"; };
		573807181B5CCFBB00575577 /* Assets.xcassets */ = {isa = PBXFileReference; lastKnownFileType = folder.assetcatalog; path = Assets.xcassets; sourceTree = "<group>"; };
		5738071B1B5CCFBB00575577 /* Base */ = {isa = PBXFileReference; lastKnownFileType = file.storyboard; name = Base; path = Base.lproj/LaunchScreen.storyboard; sourceTree = "<group>"; };
		5738071D1B5CCFBB00575577 /* Info.plist */ = {isa = PBXFileReference; lastKnownFileType = text.plist.xml; path = Info.plist; sourceTree = "<group>"; };
		573807221B5CCFBB00575577 /* ELSETests.xctest */ = {isa = PBXFileReference; explicitFileType = wrapper.cfbundle; includeInIndex = 0; path = ELSETests.xctest; sourceTree = BUILT_PRODUCTS_DIR; };
		573807261B5CCFBB00575577 /* ELSETests.swift */ = {isa = PBXFileReference; lastKnownFileType = sourcecode.swift; path = ELSETests.swift; sourceTree = "<group>"; };
		573807281B5CCFBB00575577 /* Info.plist */ = {isa = PBXFileReference; lastKnownFileType = text.plist.xml; path = Info.plist; sourceTree = "<group>"; };
		5738072D1B5CCFBB00575577 /* ELSEUITests.xctest */ = {isa = PBXFileReference; explicitFileType = wrapper.cfbundle; includeInIndex = 0; path = ELSEUITests.xctest; sourceTree = BUILT_PRODUCTS_DIR; };
		573807311B5CCFBB00575577 /* ELSEUITests.swift */ = {isa = PBXFileReference; lastKnownFileType = sourcecode.swift; path = ELSEUITests.swift; sourceTree = "<group>"; };
		573807331B5CCFBB00575577 /* Info.plist */ = {isa = PBXFileReference; lastKnownFileType = text.plist.xml; path = Info.plist; sourceTree = "<group>"; };
		5738073F1B5CD07F00575577 /* ELSE-Bridging-Header.h */ = {isa = PBXFileReference; lastKnownFileType = sourcecode.c.h; path = "ELSE-Bridging-Header.h"; sourceTree = "<group>"; };
		57ED4AA91B5CD6A400B3303C /* ContentViewController.swift */ = {isa = PBXFileReference; fileEncoding = 4; lastKnownFileType = sourcecode.swift; path = ContentViewController.swift; sourceTree = "<group>"; };
		809852708D03761946D4C97F /* Pods-ELSE.debug.xcconfig */ = {isa = PBXFileReference; includeInIndex = 1; lastKnownFileType = text.xcconfig; name = "Pods-ELSE.debug.xcconfig"; path = "Pods/Target Support Files/Pods-ELSE/Pods-ELSE.debug.xcconfig"; sourceTree = "<group>"; };
		A7C9F25E522646D4A58F0487 /* libPods-ELSE.a */ = {isa = PBXFileReference; explicitFileType = archive.ar; includeInIndex = 0; path = "libPods-ELSE.a"; sourceTree = BUILT_PRODUCTS_DIR; };
		C77C2389ECC2EEDB7F02E74B /* Pods-ELSE.release.xcconfig */ = {isa = PBXFileReference; includeInIndex = 1; lastKnownFileType = text.xcconfig; name = "Pods-ELSE.release.xcconfig"; path = "Pods/Target Support Files/Pods-ELSE/Pods-ELSE.release.xcconfig"; sourceTree = "<group>"; };
/* End PBXFileReference section */

/* Begin PBXFrameworksBuildPhase section */
		573807081B5CCFBB00575577 /* Frameworks */ = {
			isa = PBXFrameworksBuildPhase;
			buildActionMask = 2147483647;
			files = (
				87810189D2DB00139A11003E /* libPods-ELSE.a in Frameworks */,
			);
			runOnlyForDeploymentPostprocessing = 0;
		};
		5738071F1B5CCFBB00575577 /* Frameworks */ = {
			isa = PBXFrameworksBuildPhase;
			buildActionMask = 2147483647;
			files = (
			);
			runOnlyForDeploymentPostprocessing = 0;
		};
		5738072A1B5CCFBB00575577 /* Frameworks */ = {
			isa = PBXFrameworksBuildPhase;
			buildActionMask = 2147483647;
			files = (
			);
			runOnlyForDeploymentPostprocessing = 0;
		};
/* End PBXFrameworksBuildPhase section */

/* Begin PBXGroup section */
		1841F7B18B388F878B847367 /* Frameworks */ = {
			isa = PBXGroup;
			children = (
				A7C9F25E522646D4A58F0487 /* libPods-ELSE.a */,
			);
			name = Frameworks;
			sourceTree = "<group>";
		};
		284645B4D0EA44CD7A9E7E62 /* Pods */ = {
			isa = PBXGroup;
			children = (
				809852708D03761946D4C97F /* Pods-ELSE.debug.xcconfig */,
				C77C2389ECC2EEDB7F02E74B /* Pods-ELSE.release.xcconfig */,
			);
			name = Pods;
			sourceTree = "<group>";
		};
		571EE5191B5CD38300453E70 /* Login */ = {
			isa = PBXGroup;
			children = (
				571EE50C1B5CD33800453E70 /* LoginViewController.swift */,
				571EE50E1B5CD33800453E70 /* PerDetailsViewController.swift */,
			);
			name = Login;
			sourceTree = "<group>";
		};
		571EE51A1B5CD39000453E70 /* RightMenu */ = {
			isa = PBXGroup;
			children = (
				571EE50B1B5CD33800453E70 /* InterludeViewController.swift */,
				571EE50F1B5CD33800453E70 /* RightMenuTableViewController.swift */,
			);
			name = RightMenu;
			sourceTree = "<group>";
		};
		571EE51B1B5CD3BD00453E70 /* Resource */ = {
			isa = PBXGroup;
			children = (
				571EE5111B5CD33800453E70 /* Stars@2x.png */,
			);
			name = Resource;
			sourceTree = "<group>";
		};
		573807021B5CCFBB00575577 = {
			isa = PBXGroup;
			children = (
				5738070D1B5CCFBB00575577 /* ELSE */,
				573807251B5CCFBB00575577 /* ELSETests */,
				573807301B5CCFBB00575577 /* ELSEUITests */,
				5738070C1B5CCFBB00575577 /* Products */,
				284645B4D0EA44CD7A9E7E62 /* Pods */,
				1841F7B18B388F878B847367 /* Frameworks */,
			);
			sourceTree = "<group>";
		};
		5738070C1B5CCFBB00575577 /* Products */ = {
			isa = PBXGroup;
			children = (
				5738070B1B5CCFBB00575577 /* ELSE.app */,
				573807221B5CCFBB00575577 /* ELSETests.xctest */,
				5738072D1B5CCFBB00575577 /* ELSEUITests.xctest */,
			);
			name = Products;
			sourceTree = "<group>";
		};
		5738070D1B5CCFBB00575577 /* ELSE */ = {
			isa = PBXGroup;
			children = (
				571EE51B1B5CD3BD00453E70 /* Resource */,
				571EE51A1B5CD39000453E70 /* RightMenu */,
				571EE5191B5CD38300453E70 /* Login */,
				571EE5101B5CD33800453E70 /* RootViewController.swift */,
				57ED4AA91B5CD6A400B3303C /* ContentViewController.swift */,
				5738070E1B5CCFBB00575577 /* AppDelegate.swift */,
				573807121B5CCFBB00575577 /* Main.storyboard */,
				571EE50D1B5CD33800453E70 /* Order.storyboard */,
				573807181B5CCFBB00575577 /* Assets.xcassets */,
				5738071A1B5CCFBB00575577 /* LaunchScreen.storyboard */,
				5738071D1B5CCFBB00575577 /* Info.plist */,
				573807151B5CCFBB00575577 /* ELSE.xcdatamodeld */,
				5738073F1B5CD07F00575577 /* ELSE-Bridging-Header.h */,
			);
			path = ELSE;
			sourceTree = "<group>";
		};
		573807251B5CCFBB00575577 /* ELSETests */ = {
			isa = PBXGroup;
			children = (
				573807261B5CCFBB00575577 /* ELSETests.swift */,
				573807281B5CCFBB00575577 /* Info.plist */,
			);
			path = ELSETests;
			sourceTree = "<group>";
		};
		573807301B5CCFBB00575577 /* ELSEUITests */ = {
			isa = PBXGroup;
			children = (
				573807311B5CCFBB00575577 /* ELSEUITests.swift */,
				573807331B5CCFBB00575577 /* Info.plist */,
			);
			path = ELSEUITests;
			sourceTree = "<group>";
		};
/* End PBXGroup section */

/* Begin PBXNativeTarget section */
		5738070A1B5CCFBB00575577 /* ELSE */ = {
			isa = PBXNativeTarget;
			buildConfigurationList = 573807361B5CCFBB00575577 /* Build configuration list for PBXNativeTarget "ELSE" */;
			buildPhases = (
				627D2B64B96673CE39AB84AF /* Check Pods Manifest.lock */,
				573807071B5CCFBB00575577 /* Sources */,
				573807081B5CCFBB00575577 /* Frameworks */,
				573807091B5CCFBB00575577 /* Resources */,
				02BA7508026E43C9048297FC /* Copy Pods Resources */,
			);
			buildRules = (
			);
			dependencies = (
			);
			name = ELSE;
			productName = ELSE;
			productReference = 5738070B1B5CCFBB00575577 /* ELSE.app */;
			productType = "com.apple.product-type.application";
		};
		573807211B5CCFBB00575577 /* ELSETests */ = {
			isa = PBXNativeTarget;
			buildConfigurationList = 573807391B5CCFBB00575577 /* Build configuration list for PBXNativeTarget "ELSETests" */;
			buildPhases = (
				5738071E1B5CCFBB00575577 /* Sources */,
				5738071F1B5CCFBB00575577 /* Frameworks */,
				573807201B5CCFBB00575577 /* Resources */,
			);
			buildRules = (
			);
			dependencies = (
				573807241B5CCFBB00575577 /* PBXTargetDependency */,
			);
			name = ELSETests;
			productName = ELSETests;
			productReference = 573807221B5CCFBB00575577 /* ELSETests.xctest */;
			productType = "com.apple.product-type.bundle.unit-test";
		};
		5738072C1B5CCFBB00575577 /* ELSEUITests */ = {
			isa = PBXNativeTarget;
			buildConfigurationList = 5738073C1B5CCFBB00575577 /* Build configuration list for PBXNativeTarget "ELSEUITests" */;
			buildPhases = (
				573807291B5CCFBB00575577 /* Sources */,
				5738072A1B5CCFBB00575577 /* Frameworks */,
				5738072B1B5CCFBB00575577 /* Resources */,
			);
			buildRules = (
			);
			dependencies = (
				5738072F1B5CCFBB00575577 /* PBXTargetDependency */,
			);
			name = ELSEUITests;
			productName = ELSEUITests;
			productReference = 5738072D1B5CCFBB00575577 /* ELSEUITests.xctest */;
			productType = "com.apple.product-type.bundle.ui-testing";
		};
/* End PBXNativeTarget section */

/* Begin PBXProject section */
		573807031B5CCFBB00575577 /* Project object */ = {
			isa = PBXProject;
			attributes = {
				LastSwiftUpdateCheck = 0700;
				LastUpgradeCheck = 0700;
				ORGANIZATIONNAME = gugutech;
				TargetAttributes = {
					5738070A1B5CCFBB00575577 = {
						CreatedOnToolsVersion = 7.0;
					};
					573807211B5CCFBB00575577 = {
						CreatedOnToolsVersion = 7.0;
						TestTargetID = 5738070A1B5CCFBB00575577;
					};
					5738072C1B5CCFBB00575577 = {
						CreatedOnToolsVersion = 7.0;
						TestTargetID = 5738070A1B5CCFBB00575577;
					};
				};
			};
			buildConfigurationList = 573807061B5CCFBB00575577 /* Build configuration list for PBXProject "ELSE" */;
			compatibilityVersion = "Xcode 3.2";
			developmentRegion = English;
			hasScannedForEncodings = 0;
			knownRegions = (
				en,
				Base,
			);
			mainGroup = 573807021B5CCFBB00575577;
			productRefGroup = 5738070C1B5CCFBB00575577 /* Products */;
			projectDirPath = "";
			projectRoot = "";
			targets = (
				5738070A1B5CCFBB00575577 /* ELSE */,
				573807211B5CCFBB00575577 /* ELSETests */,
				5738072C1B5CCFBB00575577 /* ELSEUITests */,
			);
		};
/* End PBXProject section */

/* Begin PBXResourcesBuildPhase section */
		573807091B5CCFBB00575577 /* Resources */ = {
			isa = PBXResourcesBuildPhase;
			buildActionMask = 2147483647;
			files = (
				5738071C1B5CCFBB00575577 /* LaunchScreen.storyboard in Resources */,
				573807191B5CCFBB00575577 /* Assets.xcassets in Resources */,
				571EE5181B5CD33800453E70 /* Stars@2x.png in Resources */,
				573807141B5CCFBB00575577 /* Main.storyboard in Resources */,
				571EE5141B5CD33800453E70 /* Order.storyboard in Resources */,
			);
			runOnlyForDeploymentPostprocessing = 0;
		};
		573807201B5CCFBB00575577 /* Resources */ = {
			isa = PBXResourcesBuildPhase;
			buildActionMask = 2147483647;
			files = (
			);
			runOnlyForDeploymentPostprocessing = 0;
		};
		5738072B1B5CCFBB00575577 /* Resources */ = {
			isa = PBXResourcesBuildPhase;
			buildActionMask = 2147483647;
			files = (
			);
			runOnlyForDeploymentPostprocessing = 0;
		};
/* End PBXResourcesBuildPhase section */

/* Begin PBXShellScriptBuildPhase section */
		02BA7508026E43C9048297FC /* Copy Pods Resources */ = {
			isa = PBXShellScriptBuildPhase;
			buildActionMask = 2147483647;
			files = (
			);
			inputPaths = (
			);
			name = "Copy Pods Resources";
			outputPaths = (
			);
			runOnlyForDeploymentPostprocessing = 0;
			shellPath = /bin/sh;
			shellScript = "\"${SRCROOT}/Pods/Target Support Files/Pods-ELSE/Pods-ELSE-resources.sh\"\n";
			showEnvVarsInLog = 0;
		};
		627D2B64B96673CE39AB84AF /* Check Pods Manifest.lock */ = {
			isa = PBXShellScriptBuildPhase;
			buildActionMask = 2147483647;
			files = (
			);
			inputPaths = (
			);
			name = "Check Pods Manifest.lock";
			outputPaths = (
			);
			runOnlyForDeploymentPostprocessing = 0;
			shellPath = /bin/sh;
			shellScript = "diff \"${PODS_ROOT}/../Podfile.lock\" \"${PODS_ROOT}/Manifest.lock\" > /dev/null\nif [[ $? != 0 ]] ; then\n    cat << EOM\nerror: The sandbox is not in sync with the Podfile.lock. Run 'pod install' or update your CocoaPods installation.\nEOM\n    exit 1\nfi\n";
			showEnvVarsInLog = 0;
		};
/* End PBXShellScriptBuildPhase section */

/* Begin PBXSourcesBuildPhase section */
		573807071B5CCFBB00575577 /* Sources */ = {
			isa = PBXSourcesBuildPhase;
			buildActionMask = 2147483647;
			files = (
				57ED4AAA1B5CD6A400B3303C /* ContentViewController.swift in Sources */,
				573807171B5CCFBB00575577 /* ELSE.xcdatamodeld in Sources */,
				5738070F1B5CCFBB00575577 /* AppDelegate.swift in Sources */,
				571EE5131B5CD33800453E70 /* LoginViewController.swift in Sources */,
				571EE5121B5CD33800453E70 /* InterludeViewController.swift in Sources */,
				571EE5161B5CD33800453E70 /* RightMenuTableViewController.swift in Sources */,
				571EE5171B5CD33800453E70 /* RootViewController.swift in Sources */,
				571EE5151B5CD33800453E70 /* PerDetailsViewController.swift in Sources */,
			);
			runOnlyForDeploymentPostprocessing = 0;
		};
		5738071E1B5CCFBB00575577 /* Sources */ = {
			isa = PBXSourcesBuildPhase;
			buildActionMask = 2147483647;
			files = (
				573807271B5CCFBB00575577 /* ELSETests.swift in Sources */,
			);
			runOnlyForDeploymentPostprocessing = 0;
		};
		573807291B5CCFBB00575577 /* Sources */ = {
			isa = PBXSourcesBuildPhase;
			buildActionMask = 2147483647;
			files = (
				573807321B5CCFBB00575577 /* ELSEUITests.swift in Sources */,
			);
			runOnlyForDeploymentPostprocessing = 0;
		};
/* End PBXSourcesBuildPhase section */

/* Begin PBXTargetDependency section */
		573807241B5CCFBB00575577 /* PBXTargetDependency */ = {
			isa = PBXTargetDependency;
			target = 5738070A1B5CCFBB00575577 /* ELSE */;
			targetProxy = 573807231B5CCFBB00575577 /* PBXContainerItemProxy */;
		};
		5738072F1B5CCFBB00575577 /* PBXTargetDependency */ = {
			isa = PBXTargetDependency;
			target = 5738070A1B5CCFBB00575577 /* ELSE */;
			targetProxy = 5738072E1B5CCFBB00575577 /* PBXContainerItemProxy */;
		};
/* End PBXTargetDependency section */

/* Begin PBXVariantGroup section */
		573807121B5CCFBB00575577 /* Main.storyboard */ = {
			isa = PBXVariantGroup;
			children = (
				573807131B5CCFBB00575577 /* Base */,
			);
			name = Main.storyboard;
			sourceTree = "<group>";
		};
		5738071A1B5CCFBB00575577 /* LaunchScreen.storyboard */ = {
			isa = PBXVariantGroup;
			children = (
				5738071B1B5CCFBB00575577 /* Base */,
			);
			name = LaunchScreen.storyboard;
			sourceTree = "<group>";
		};
/* End PBXVariantGroup section */

/* Begin XCBuildConfiguration section */
		573807341B5CCFBB00575577 /* Debug */ = {
			isa = XCBuildConfiguration;
			buildSettings = {
				ALWAYS_SEARCH_USER_PATHS = NO;
				CLANG_CXX_LANGUAGE_STANDARD = "gnu++0x";
				CLANG_CXX_LIBRARY = "libc++";
				CLANG_ENABLE_MODULES = YES;
				CLANG_ENABLE_OBJC_ARC = YES;
				CLANG_WARN_BOOL_CONVERSION = YES;
				CLANG_WARN_CONSTANT_CONVERSION = YES;
				CLANG_WARN_DIRECT_OBJC_ISA_USAGE = YES_ERROR;
				CLANG_WARN_EMPTY_BODY = YES;
				CLANG_WARN_ENUM_CONVERSION = YES;
				CLANG_WARN_INT_CONVERSION = YES;
				CLANG_WARN_OBJC_ROOT_CLASS = YES_ERROR;
				CLANG_WARN_UNREACHABLE_CODE = YES;
				CLANG_WARN__DUPLICATE_METHOD_MATCH = YES;
				"CODE_SIGN_IDENTITY[sdk=iphoneos*]" = "iPhone Developer";
				COPY_PHASE_STRIP = NO;
				DEBUG_INFORMATION_FORMAT = dwarf;
				ENABLE_STRICT_OBJC_MSGSEND = YES;
				ENABLE_TESTABILITY = YES;
				GCC_C_LANGUAGE_STANDARD = gnu99;
				GCC_DYNAMIC_NO_PIC = NO;
				GCC_NO_COMMON_BLOCKS = YES;
				GCC_OPTIMIZATION_LEVEL = 0;
				GCC_PREPROCESSOR_DEFINITIONS = (
					"DEBUG=1",
					"$(inherited)",
				);
				GCC_WARN_64_TO_32_BIT_CONVERSION = YES;
				GCC_WARN_ABOUT_RETURN_TYPE = YES_ERROR;
				GCC_WARN_UNDECLARED_SELECTOR = YES;
				GCC_WARN_UNINITIALIZED_AUTOS = YES_AGGRESSIVE;
				GCC_WARN_UNUSED_FUNCTION = YES;
				GCC_WARN_UNUSED_VARIABLE = YES;
				IPHONEOS_DEPLOYMENT_TARGET = 9.0;
				MTL_ENABLE_DEBUG_INFO = YES;
				ONLY_ACTIVE_ARCH = YES;
				SDKROOT = iphoneos;
				SWIFT_OPTIMIZATION_LEVEL = "-Onone";
			};
			name = Debug;
		};
		573807351B5CCFBB00575577 /* Release */ = {
			isa = XCBuildConfiguration;
			buildSettings = {
				ALWAYS_SEARCH_USER_PATHS = NO;
				CLANG_CXX_LANGUAGE_STANDARD = "gnu++0x";
				CLANG_CXX_LIBRARY = "libc++";
				CLANG_ENABLE_MODULES = YES;
				CLANG_ENABLE_OBJC_ARC = YES;
				CLANG_WARN_BOOL_CONVERSION = YES;
				CLANG_WARN_CONSTANT_CONVERSION = YES;
				CLANG_WARN_DIRECT_OBJC_ISA_USAGE = YES_ERROR;
				CLANG_WARN_EMPTY_BODY = YES;
				CLANG_WARN_ENUM_CONVERSION = YES;
				CLANG_WARN_INT_CONVERSION = YES;
				CLANG_WARN_OBJC_ROOT_CLASS = YES_ERROR;
				CLANG_WARN_UNREACHABLE_CODE = YES;
				CLANG_WARN__DUPLICATE_METHOD_MATCH = YES;
				"CODE_SIGN_IDENTITY[sdk=iphoneos*]" = "iPhone Developer";
				COPY_PHASE_STRIP = NO;
				DEBUG_INFORMATION_FORMAT = "dwarf-with-dsym";
				ENABLE_NS_ASSERTIONS = NO;
				ENABLE_STRICT_OBJC_MSGSEND = YES;
				GCC_C_LANGUAGE_STANDARD = gnu99;
				GCC_NO_COMMON_BLOCKS = YES;
				GCC_WARN_64_TO_32_BIT_CONVERSION = YES;
				GCC_WARN_ABOUT_RETURN_TYPE = YES_ERROR;
				GCC_WARN_UNDECLARED_SELECTOR = YES;
				GCC_WARN_UNINITIALIZED_AUTOS = YES_AGGRESSIVE;
				GCC_WARN_UNUSED_FUNCTION = YES;
				GCC_WARN_UNUSED_VARIABLE = YES;
				IPHONEOS_DEPLOYMENT_TARGET = 9.0;
				MTL_ENABLE_DEBUG_INFO = NO;
				SDKROOT = iphoneos;
				VALIDATE_PRODUCT = YES;
			};
			name = Release;
		};
		573807371B5CCFBB00575577 /* Debug */ = {
			isa = XCBuildConfiguration;
			baseConfigurationReference = 809852708D03761946D4C97F /* Pods-ELSE.debug.xcconfig */;
			buildSettings = {
				ASSETCATALOG_COMPILER_APPICON_NAME = AppIcon;
				CLANG_ENABLE_MODULES = YES;
				INFOPLIST_FILE = ELSE/Info.plist;
				IPHONEOS_DEPLOYMENT_TARGET = 9.0;
				LD_RUNPATH_SEARCH_PATHS = "$(inherited) @executable_path/Frameworks";
				PRODUCT_BUNDLE_IDENTIFIER = Lu.l.ELSE;
				PRODUCT_NAME = "$(TARGET_NAME)";
				SWIFT_OBJC_BRIDGING_HEADER = "ELSE/ELSE-Bridging-Header.h";
				SWIFT_OPTIMIZATION_LEVEL = "-Onone";
			};
			name = Debug;
		};
		573807381B5CCFBB00575577 /* Release */ = {
			isa = XCBuildConfiguration;
			baseConfigurationReference = C77C2389ECC2EEDB7F02E74B /* Pods-ELSE.release.xcconfig */;
			buildSettings = {
				ASSETCATALOG_COMPILER_APPICON_NAME = AppIcon;
				CLANG_ENABLE_MODULES = YES;
				INFOPLIST_FILE = ELSE/Info.plist;
				IPHONEOS_DEPLOYMENT_TARGET = 9.0;
				LD_RUNPATH_SEARCH_PATHS = "$(inherited) @executable_path/Frameworks";
				PRODUCT_BUNDLE_IDENTIFIER = Lu.l.ELSE;
				PRODUCT_NAME = "$(TARGET_NAME)";
				SWIFT_OBJC_BRIDGING_HEADER = "ELSE/ELSE-Bridging-Header.h";
			};
			name = Release;
		};
		5738073A1B5CCFBB00575577 /* Debug */ = {
			isa = XCBuildConfiguration;
			buildSettings = {
				BUNDLE_LOADER = "$(TEST_HOST)";
				INFOPLIST_FILE = ELSETests/Info.plist;
				LD_RUNPATH_SEARCH_PATHS = "$(inherited) @executable_path/Frameworks @loader_path/Frameworks";
				PRODUCT_BUNDLE_IDENTIFIER = Lu.l.ELSETests;
				PRODUCT_NAME = "$(TARGET_NAME)";
				TEST_HOST = "$(BUILT_PRODUCTS_DIR)/ELSE.app/ELSE";
			};
			name = Debug;
		};
		5738073B1B5CCFBB00575577 /* Release */ = {
			isa = XCBuildConfiguration;
			buildSettings = {
				BUNDLE_LOADER = "$(TEST_HOST)";
				INFOPLIST_FILE = ELSETests/Info.plist;
				LD_RUNPATH_SEARCH_PATHS = "$(inherited) @executable_path/Frameworks @loader_path/Frameworks";
				PRODUCT_BUNDLE_IDENTIFIER = Lu.l.ELSETests;
				PRODUCT_NAME = "$(TARGET_NAME)";
				TEST_HOST = "$(BUILT_PRODUCTS_DIR)/ELSE.app/ELSE";
			};
			name = Release;
		};
		5738073D1B5CCFBB00575577 /* Debug */ = {
			isa = XCBuildConfiguration;
			buildSettings = {
				INFOPLIST_FILE = ELSEUITests/Info.plist;
				LD_RUNPATH_SEARCH_PATHS = "$(inherited) @executable_path/Frameworks @loader_path/Frameworks";
				PRODUCT_BUNDLE_IDENTIFIER = Lu.l.ELSEUITests;
				PRODUCT_NAME = "$(TARGET_NAME)";
				TEST_TARGET_NAME = ELSE;
				USES_XCTRUNNER = YES;
			};
			name = Debug;
		};
		5738073E1B5CCFBB00575577 /* Release */ = {
			isa = XCBuildConfiguration;
			buildSettings = {
				INFOPLIST_FILE = ELSEUITests/Info.plist;
				LD_RUNPATH_SEARCH_PATHS = "$(inherited) @executable_path/Frameworks @loader_path/Frameworks";
				PRODUCT_BUNDLE_IDENTIFIER = Lu.l.ELSEUITests;
				PRODUCT_NAME = "$(TARGET_NAME)";
				TEST_TARGET_NAME = ELSE;
				USES_XCTRUNNER = YES;
			};
			name = Release;
		};
/* End XCBuildConfiguration section */

/* Begin XCConfigurationList section */
		573807061B5CCFBB00575577 /* Build configuration list for PBXProject "ELSE" */ = {
			isa = XCConfigurationList;
			buildConfigurations = (
				573807341B5CCFBB00575577 /* Debug */,
				573807351B5CCFBB00575577 /* Release */,
			);
			defaultConfigurationIsVisible = 0;
			defaultConfigurationName = Release;
		};
		573807361B5CCFBB00575577 /* Build configuration list for PBXNativeTarget "ELSE" */ = {
			isa = XCConfigurationList;
			buildConfigurations = (
				573807371B5CCFBB00575577 /* Debug */,
				573807381B5CCFBB00575577 /* Release */,
			);
			defaultConfigurationIsVisible = 0;
			defaultConfigurationName = Release;
		};
		573807391B5CCFBB00575577 /* Build configuration list for PBXNativeTarget "ELSETests" */ = {
			isa = XCConfigurationList;
			buildConfigurations = (
				5738073A1B5CCFBB00575577 /* Debug */,
				5738073B1B5CCFBB00575577 /* Release */,
			);
			defaultConfigurationIsVisible = 0;
			defaultConfigurationName = Release;
		};
		5738073C1B5CCFBB00575577 /* Build configuration list for PBXNativeTarget "ELSEUITests" */ = {
			isa = XCConfigurationList;
			buildConfigurations = (
				5738073D1B5CCFBB00575577 /* Debug */,
				5738073E1B5CCFBB00575577 /* Release */,
			);
			defaultConfigurationIsVisible = 0;
			defaultConfigurationName = Release;
		};
/* End XCConfigurationList section */

/* Begin XCVersionGroup section */
		573807151B5CCFBB00575577 /* ELSE.xcdatamodeld */ = {
			isa = XCVersionGroup;
			children = (
				573807161B5CCFBB00575577 /* ELSE.xcdatamodel */,
			);
			currentVersion = 573807161B5CCFBB00575577 /* ELSE.xcdatamodel */;
			path = ELSE.xcdatamodeld;
			sourceTree = "<group>";
			versionGroupType = wrapper.xcdatamodel;
		};
/* End XCVersionGroup section */
	};
	rootObject = 573807031B5CCFBB00575577 /* Project object */;
}
